
Microsoft Visual Studio Solution File, Format Version 12.00
# Visual Studio Version 16
VisualStudioVersion = 16.0.30717.126
MinimumVisualStudioVersion = 10.0.40219.1
Project("{FAE04EC0-301F-11D3-BF4B-00C04F79EFBC}") = "RESTAPI", "RESTAPI\RESTAPI.csproj", "{801A37D4-F4CF-4112-8ADF-4483A92879EA}"
EndProject
Global
	GlobalSection(SolutionConfigurationPlatforms) = preSolution
		Debug|Any CPU = Debug|Any CPU
		Release|Any CPU = Release|Any CPU
	EndGlobalSection
	GlobalSection(ProjectConfigurationPlatforms) = postSolution
		{801A37D4-F4CF-4112-8ADF-4483A92879EA}.Debug|Any CPU.ActiveCfg = Debug|Any CPU
		{801A37D4-F4CF-4112-8ADF-4483A92879EA}.Debug|Any CPU.Build.0 = Debug|Any CPU
		{801A37D4-F4CF-4112-8ADF-4483A92879EA}.Release|Any CPU.ActiveCfg = Release|Any CPU
		{801A37D4-F4CF-4112-8ADF-4483A92879EA}.Release|Any CPU.Build.0 = Release|Any CPU
	EndGlobalSection
	GlobalSection(SolutionProperties) = preSolution
		HideSolutionNode = FALSE
	EndGlobalSection
	GlobalSection(ExtensibilityGlobals) = postSolution
		SolutionGuid = {4C928A53-0399-43B3-AC54-EE7171CABFBB}
	EndGlobalSection
EndGlobal
